
Microsoft Visual Studio Solution File, Format Version 12.00
Project("{2150E333-8FDC-42A3-9474-1A3956D46DE8}") = "src", "src", "{E6A96FF6-3509-4DB0-8B55-7BEC3D3E286D}"
EndProject
Project("{FAE04EC0-301F-11D3-BF4B-00C04F79EFBC}") = "Darp.Utils.Assets", "src\Darp.Utils.Assets\Darp.Utils.Assets.csproj", "{7E57404F-5D1F-46D9-941C-B1090DDBA567}"
EndProject
Project("{2150E333-8FDC-42A3-9474-1A3956D46DE8}") = "test", "test", "{998FA92C-5039-4E21-8D9D-9B53CFFEB7A0}"
EndProject
Project("{FAE04EC0-301F-11D3-BF4B-00C04F79EFBC}") = "Darp.Utils.Tests.Assets", "test\Darp.Utils.Tests.Assets\Darp.Utils.Tests.Assets.csproj", "{563A1D11-BA61-4E63-9606-AD6F1F62CCE1}"
EndProject
Project("{FAE04EC0-301F-11D3-BF4B-00C04F79EFBC}") = "Darp.Utils.Configuration", "src\Darp.Utils.Configuration\Darp.Utils.Configuration.csproj", "{FA3F8F47-7043-45BF-8C24-A94ED3B1E15B}"
EndProject
Project("{FAE04EC0-301F-11D3-BF4B-00C04F79EFBC}") = "Darp.Utils.Tests.Configuration", "test\Darp.Utils.Tests.Configuration\Darp.Utils.Tests.Configuration.csproj", "{71112202-D216-4C32-A1A6-B0609BFC2461}"
EndProject
Project("{FAE04EC0-301F-11D3-BF4B-00C04F79EFBC}") = "Darp.Utils.Tests.Common", "test\Darp.Utils.Tests.Common\Darp.Utils.Tests.Common.csproj", "{4CAC4297-896F-4F72-A597-94A1DA77CF92}"
EndProject
Project("{FAE04EC0-301F-11D3-BF4B-00C04F79EFBC}") = "Darp.Utils.Dialog", "src\Darp.Utils.Dialog\Darp.Utils.Dialog.csproj", "{516CD9CD-D5E6-4EEC-BCB8-5F8AE971EBAE}"
EndProject
Project("{FAE04EC0-301F-11D3-BF4B-00C04F79EFBC}") = "Darp.Utils.Dialog.Tests", "test\Darp.Utils.Dialog.Tests\Darp.Utils.Dialog.Tests.csproj", "{16F4A919-C0B6-48CE-ADCC-E057433851C4}"
EndProject
Project("{FAE04EC0-301F-11D3-BF4B-00C04F79EFBC}") = "Darp.Utils.Dialog.FluentAvalonia", "src\Darp.Utils.Dialog.FluentAvalonia\Darp.Utils.Dialog.FluentAvalonia.csproj", "{8A247DFD-1398-475A-9B44-CE0F567F48CD}"
EndProject
Project("{FAE04EC0-301F-11D3-BF4B-00C04F79EFBC}") = "Darp.Utils.Dialog.FluentAvalonia.Tests", "test\Darp.Utils.Dialog.FluentAvalonia.Tests\Darp.Utils.Dialog.FluentAvalonia.Tests.csproj", "{796FD305-E622-4098-8FA8-5DFB5203C2B3}"
EndProject
Global
	GlobalSection(SolutionConfigurationPlatforms) = preSolution
		Debug|Any CPU = Debug|Any CPU
		Release|Any CPU = Release|Any CPU
	EndGlobalSection
	GlobalSection(ProjectConfigurationPlatforms) = postSolution
		{7E57404F-5D1F-46D9-941C-B1090DDBA567}.Debug|Any CPU.ActiveCfg = Debug|Any CPU
		{7E57404F-5D1F-46D9-941C-B1090DDBA567}.Debug|Any CPU.Build.0 = Debug|Any CPU
		{7E57404F-5D1F-46D9-941C-B1090DDBA567}.Release|Any CPU.ActiveCfg = Release|Any CPU
		{7E57404F-5D1F-46D9-941C-B1090DDBA567}.Release|Any CPU.Build.0 = Release|Any CPU
		{563A1D11-BA61-4E63-9606-AD6F1F62CCE1}.Debug|Any CPU.ActiveCfg = Debug|Any CPU
		{563A1D11-BA61-4E63-9606-AD6F1F62CCE1}.Debug|Any CPU.Build.0 = Debug|Any CPU
		{563A1D11-BA61-4E63-9606-AD6F1F62CCE1}.Release|Any CPU.ActiveCfg = Release|Any CPU
		{563A1D11-BA61-4E63-9606-AD6F1F62CCE1}.Release|Any CPU.Build.0 = Release|Any CPU
		{FA3F8F47-7043-45BF-8C24-A94ED3B1E15B}.Debug|Any CPU.ActiveCfg = Debug|Any CPU
		{FA3F8F47-7043-45BF-8C24-A94ED3B1E15B}.Debug|Any CPU.Build.0 = Debug|Any CPU
		{FA3F8F47-7043-45BF-8C24-A94ED3B1E15B}.Release|Any CPU.ActiveCfg = Release|Any CPU
		{FA3F8F47-7043-45BF-8C24-A94ED3B1E15B}.Release|Any CPU.Build.0 = Release|Any CPU
		{71112202-D216-4C32-A1A6-B0609BFC2461}.Debug|Any CPU.ActiveCfg = Debug|Any CPU
		{71112202-D216-4C32-A1A6-B0609BFC2461}.Debug|Any CPU.Build.0 = Debug|Any CPU
		{71112202-D216-4C32-A1A6-B0609BFC2461}.Release|Any CPU.ActiveCfg = Release|Any CPU
		{71112202-D216-4C32-A1A6-B0609BFC2461}.Release|Any CPU.Build.0 = Release|Any CPU
		{4CAC4297-896F-4F72-A597-94A1DA77CF92}.Debug|Any CPU.ActiveCfg = Debug|Any CPU
		{4CAC4297-896F-4F72-A597-94A1DA77CF92}.Debug|Any CPU.Build.0 = Debug|Any CPU
		{4CAC4297-896F-4F72-A597-94A1DA77CF92}.Release|Any CPU.ActiveCfg = Release|Any CPU
		{4CAC4297-896F-4F72-A597-94A1DA77CF92}.Release|Any CPU.Build.0 = Release|Any CPU
		{516CD9CD-D5E6-4EEC-BCB8-5F8AE971EBAE}.Debug|Any CPU.ActiveCfg = Debug|Any CPU
		{516CD9CD-D5E6-4EEC-BCB8-5F8AE971EBAE}.Debug|Any CPU.Build.0 = Debug|Any CPU
		{516CD9CD-D5E6-4EEC-BCB8-5F8AE971EBAE}.Release|Any CPU.ActiveCfg = Release|Any CPU
		{516CD9CD-D5E6-4EEC-BCB8-5F8AE971EBAE}.Release|Any CPU.Build.0 = Release|Any CPU
		{16F4A919-C0B6-48CE-ADCC-E057433851C4}.Debug|Any CPU.ActiveCfg = Debug|Any CPU
		{16F4A919-C0B6-48CE-ADCC-E057433851C4}.Debug|Any CPU.Build.0 = Debug|Any CPU
		{16F4A919-C0B6-48CE-ADCC-E057433851C4}.Release|Any CPU.ActiveCfg = Release|Any CPU
		{16F4A919-C0B6-48CE-ADCC-E057433851C4}.Release|Any CPU.Build.0 = Release|Any CPU
		{8A247DFD-1398-475A-9B44-CE0F567F48CD}.Debug|Any CPU.ActiveCfg = Debug|Any CPU
		{8A247DFD-1398-475A-9B44-CE0F567F48CD}.Debug|Any CPU.Build.0 = Debug|Any CPU
		{8A247DFD-1398-475A-9B44-CE0F567F48CD}.Release|Any CPU.ActiveCfg = Release|Any CPU
		{8A247DFD-1398-475A-9B44-CE0F567F48CD}.Release|Any CPU.Build.0 = Release|Any CPU
		{796FD305-E622-4098-8FA8-5DFB5203C2B3}.Debug|Any CPU.ActiveCfg = Debug|Any CPU
		{796FD305-E622-4098-8FA8-5DFB5203C2B3}.Debug|Any CPU.Build.0 = Debug|Any CPU
		{796FD305-E622-4098-8FA8-5DFB5203C2B3}.Release|Any CPU.ActiveCfg = Release|Any CPU
		{796FD305-E622-4098-8FA8-5DFB5203C2B3}.Release|Any CPU.Build.0 = Release|Any CPU
	EndGlobalSection
	GlobalSection(NestedProjects) = preSolution
		{7E57404F-5D1F-46D9-941C-B1090DDBA567} = {E6A96FF6-3509-4DB0-8B55-7BEC3D3E286D}
		{563A1D11-BA61-4E63-9606-AD6F1F62CCE1} = {998FA92C-5039-4E21-8D9D-9B53CFFEB7A0}
		{FA3F8F47-7043-45BF-8C24-A94ED3B1E15B} = {E6A96FF6-3509-4DB0-8B55-7BEC3D3E286D}
		{71112202-D216-4C32-A1A6-B0609BFC2461} = {998FA92C-5039-4E21-8D9D-9B53CFFEB7A0}
		{4CAC4297-896F-4F72-A597-94A1DA77CF92} = {998FA92C-5039-4E21-8D9D-9B53CFFEB7A0}
		{516CD9CD-D5E6-4EEC-BCB8-5F8AE971EBAE} = {E6A96FF6-3509-4DB0-8B55-7BEC3D3E286D}
		{16F4A919-C0B6-48CE-ADCC-E057433851C4} = {998FA92C-5039-4E21-8D9D-9B53CFFEB7A0}
		{8A247DFD-1398-475A-9B44-CE0F567F48CD} = {E6A96FF6-3509-4DB0-8B55-7BEC3D3E286D}
		{796FD305-E622-4098-8FA8-5DFB5203C2B3} = {998FA92C-5039-4E21-8D9D-9B53CFFEB7A0}
	EndGlobalSection
EndGlobal
