
Microsoft Visual Studio Solution File, Format Version 12.00
Project("{2150E333-8FDC-42A3-9474-1A3956D46DE8}") = "src", "src", "{E6A96FF6-3509-4DB0-8B55-7BEC3D3E286D}"
	ProjectSection(SolutionItems) = preProject
		src\Directory.Build.props = src\Directory.Build.props
	EndProjectSection
EndProject
Project("{FAE04EC0-301F-11D3-BF4B-00C04F79EFBC}") = "Darp.Utils.Assets", "src\Darp.Utils.Assets\Darp.Utils.Assets.csproj", "{7E57404F-5D1F-46D9-941C-B1090DDBA567}"
EndProject
Project("{2150E333-8FDC-42A3-9474-1A3956D46DE8}") = "test", "test", "{998FA92C-5039-4E21-8D9D-9B53CFFEB7A0}"
	ProjectSection(SolutionItems) = preProject
		test\Directory.Build.props = test\Directory.Build.props
	EndProjectSection
EndProject
Project("{FAE04EC0-301F-11D3-BF4B-00C04F79EFBC}") = "Darp.Utils.Tests.Assets", "test\Darp.Utils.Tests.Assets\Darp.Utils.Tests.Assets.csproj", "{563A1D11-BA61-4E63-9606-AD6F1F62CCE1}"
EndProject
Project("{FAE04EC0-301F-11D3-BF4B-00C04F79EFBC}") = "Darp.Utils.Configuration", "src\Darp.Utils.Configuration\Darp.Utils.Configuration.csproj", "{FA3F8F47-7043-45BF-8C24-A94ED3B1E15B}"
EndProject
Project("{FAE04EC0-301F-11D3-BF4B-00C04F79EFBC}") = "Darp.Utils.Tests.Configuration", "test\Darp.Utils.Tests.Configuration\Darp.Utils.Tests.Configuration.csproj", "{71112202-D216-4C32-A1A6-B0609BFC2461}"
EndProject
Project("{FAE04EC0-301F-11D3-BF4B-00C04F79EFBC}") = "Darp.Utils.Tests.Common", "test\Darp.Utils.Tests.Common\Darp.Utils.Tests.Common.csproj", "{4CAC4297-896F-4F72-A597-94A1DA77CF92}"
EndProject
Project("{FAE04EC0-301F-11D3-BF4B-00C04F79EFBC}") = "Darp.Utils.Dialog", "src\Darp.Utils.Dialog\Darp.Utils.Dialog.csproj", "{516CD9CD-D5E6-4EEC-BCB8-5F8AE971EBAE}"
EndProject
Project("{FAE04EC0-301F-11D3-BF4B-00C04F79EFBC}") = "Darp.Utils.Dialog.Tests", "test\Darp.Utils.Dialog.Tests\Darp.Utils.Dialog.Tests.csproj", "{16F4A919-C0B6-48CE-ADCC-E057433851C4}"
EndProject
Project("{FAE04EC0-301F-11D3-BF4B-00C04F79EFBC}") = "Darp.Utils.Dialog.FluentAvalonia", "src\Darp.Utils.Dialog.FluentAvalonia\Darp.Utils.Dialog.FluentAvalonia.csproj", "{8A247DFD-1398-475A-9B44-CE0F567F48CD}"
EndProject
Project("{FAE04EC0-301F-11D3-BF4B-00C04F79EFBC}") = "Darp.Utils.Dialog.FluentAvalonia.Tests", "test\Darp.Utils.Dialog.FluentAvalonia.Tests\Darp.Utils.Dialog.FluentAvalonia.Tests.csproj", "{796FD305-E622-4098-8FA8-5DFB5203C2B3}"
EndProject
Project("{FAE04EC0-301F-11D3-BF4B-00C04F79EFBC}") = "Darp.Utils.ResxSourceGenerator", "src\Darp.Utils.ResxSourceGenerator\Darp.Utils.ResxSourceGenerator.csproj", "{03116D24-4E3D-4314-8946-176E88EA7663}"
EndProject
Project("{FAE04EC0-301F-11D3-BF4B-00C04F79EFBC}") = "Darp.Utils.ResxSourceGenerator.Tests", "test\Darp.Utils.ResxSourceGenerator.Tests\Darp.Utils.ResxSourceGenerator.Tests.csproj", "{4A6BD2B9-4D6E-4606-BC06-32420AC4F4A3}"
EndProject
Project("{2150E333-8FDC-42A3-9474-1A3956D46DE8}") = "samples", "samples", "{7B2C0DC3-45F1-4E2A-9B4F-0991931BEF3D}"
EndProject
Project("{FAE04EC0-301F-11D3-BF4B-00C04F79EFBC}") = "AvaloniaApp", "samples\AvaloniaApp\AvaloniaApp.csproj", "{67729326-47E8-43E0-B47C-556FB3F775C8}"
EndProject
Project("{FAE04EC0-301F-11D3-BF4B-00C04F79EFBC}") = "Darp.Utils.TestRail", "src\Darp.Utils.TestRail\Darp.Utils.TestRail.csproj", "{E1224CA9-2F8C-42E1-9D71-E19FF0DE2DEC}"
EndProject
Project("{FAE04EC0-301F-11D3-BF4B-00C04F79EFBC}") = "Darp.Utils.TestRail.Tests", "test\Darp.Utils.TestRail.Tests\Darp.Utils.TestRail.Tests.csproj", "{4176C008-1F85-4248-B9B8-3D8B44D85F25}"
EndProject
Project("{FAE04EC0-301F-11D3-BF4B-00C04F79EFBC}") = "Darp.Utils.Messaging", "src\Darp.Utils.Messaging\Darp.Utils.Messaging.csproj", "{B0FD9C6F-0B31-41B6-AB92-B083AD98652C}"
EndProject
Project("{FAE04EC0-301F-11D3-BF4B-00C04F79EFBC}") = "Darp.Utils.Messaging.Generator.Verify", "test\Darp.Utils.Messaging.Generator.Verify\Darp.Utils.Messaging.Generator.Verify.csproj", "{4BA3B86F-F9D5-4E38-8609-25F12D5CD744}"
EndProject
Project("{FAE04EC0-301F-11D3-BF4B-00C04F79EFBC}") = "Darp.Utils.Messaging.Generator", "src\Darp.Utils.Messaging.Generator\Darp.Utils.Messaging.Generator.csproj", "{DE3F9B9C-2DF5-4EB8-9CA6-F325C756A972}"
EndProject
Project("{FAE04EC0-301F-11D3-BF4B-00C04F79EFBC}") = "Darp.Utils.Avalonia", "src\Darp.Utils.Avalonia\Darp.Utils.Avalonia.csproj", "{9247AAED-D0B0-4053-810A-318838692851}"
EndProject
Project("{FAE04EC0-301F-11D3-BF4B-00C04F79EFBC}") = "Darp.Utils.CodeMirror", "src\Darp.Utils.CodeMirror\Darp.Utils.CodeMirror.csproj", "{E473BFC9-5D40-4B70-9C94-AB8D9F67AFB6}"
EndProject
Global
	GlobalSection(SolutionConfigurationPlatforms) = preSolution
		Debug|Any CPU = Debug|Any CPU
		Release|Any CPU = Release|Any CPU
	EndGlobalSection
	GlobalSection(ProjectConfigurationPlatforms) = postSolution
		{7E57404F-5D1F-46D9-941C-B1090DDBA567}.Debug|Any CPU.ActiveCfg = Debug|Any CPU
		{7E57404F-5D1F-46D9-941C-B1090DDBA567}.Debug|Any CPU.Build.0 = Debug|Any CPU
		{7E57404F-5D1F-46D9-941C-B1090DDBA567}.Release|Any CPU.ActiveCfg = Release|Any CPU
		{7E57404F-5D1F-46D9-941C-B1090DDBA567}.Release|Any CPU.Build.0 = Release|Any CPU
		{563A1D11-BA61-4E63-9606-AD6F1F62CCE1}.Debug|Any CPU.ActiveCfg = Debug|Any CPU
		{563A1D11-BA61-4E63-9606-AD6F1F62CCE1}.Debug|Any CPU.Build.0 = Debug|Any CPU
		{563A1D11-BA61-4E63-9606-AD6F1F62CCE1}.Release|Any CPU.ActiveCfg = Release|Any CPU
		{563A1D11-BA61-4E63-9606-AD6F1F62CCE1}.Release|Any CPU.Build.0 = Release|Any CPU
		{FA3F8F47-7043-45BF-8C24-A94ED3B1E15B}.Debug|Any CPU.ActiveCfg = Debug|Any CPU
		{FA3F8F47-7043-45BF-8C24-A94ED3B1E15B}.Debug|Any CPU.Build.0 = Debug|Any CPU
		{FA3F8F47-7043-45BF-8C24-A94ED3B1E15B}.Release|Any CPU.ActiveCfg = Release|Any CPU
		{FA3F8F47-7043-45BF-8C24-A94ED3B1E15B}.Release|Any CPU.Build.0 = Release|Any CPU
		{71112202-D216-4C32-A1A6-B0609BFC2461}.Debug|Any CPU.ActiveCfg = Debug|Any CPU
		{71112202-D216-4C32-A1A6-B0609BFC2461}.Debug|Any CPU.Build.0 = Debug|Any CPU
		{71112202-D216-4C32-A1A6-B0609BFC2461}.Release|Any CPU.ActiveCfg = Release|Any CPU
		{71112202-D216-4C32-A1A6-B0609BFC2461}.Release|Any CPU.Build.0 = Release|Any CPU
		{4CAC4297-896F-4F72-A597-94A1DA77CF92}.Debug|Any CPU.ActiveCfg = Debug|Any CPU
		{4CAC4297-896F-4F72-A597-94A1DA77CF92}.Debug|Any CPU.Build.0 = Debug|Any CPU
		{4CAC4297-896F-4F72-A597-94A1DA77CF92}.Release|Any CPU.ActiveCfg = Release|Any CPU
		{4CAC4297-896F-4F72-A597-94A1DA77CF92}.Release|Any CPU.Build.0 = Release|Any CPU
		{516CD9CD-D5E6-4EEC-BCB8-5F8AE971EBAE}.Debug|Any CPU.ActiveCfg = Debug|Any CPU
		{516CD9CD-D5E6-4EEC-BCB8-5F8AE971EBAE}.Debug|Any CPU.Build.0 = Debug|Any CPU
		{516CD9CD-D5E6-4EEC-BCB8-5F8AE971EBAE}.Release|Any CPU.ActiveCfg = Release|Any CPU
		{516CD9CD-D5E6-4EEC-BCB8-5F8AE971EBAE}.Release|Any CPU.Build.0 = Release|Any CPU
		{16F4A919-C0B6-48CE-ADCC-E057433851C4}.Debug|Any CPU.ActiveCfg = Debug|Any CPU
		{16F4A919-C0B6-48CE-ADCC-E057433851C4}.Debug|Any CPU.Build.0 = Debug|Any CPU
		{16F4A919-C0B6-48CE-ADCC-E057433851C4}.Release|Any CPU.ActiveCfg = Release|Any CPU
		{16F4A919-C0B6-48CE-ADCC-E057433851C4}.Release|Any CPU.Build.0 = Release|Any CPU
		{8A247DFD-1398-475A-9B44-CE0F567F48CD}.Debug|Any CPU.ActiveCfg = Debug|Any CPU
		{8A247DFD-1398-475A-9B44-CE0F567F48CD}.Debug|Any CPU.Build.0 = Debug|Any CPU
		{8A247DFD-1398-475A-9B44-CE0F567F48CD}.Release|Any CPU.ActiveCfg = Release|Any CPU
		{8A247DFD-1398-475A-9B44-CE0F567F48CD}.Release|Any CPU.Build.0 = Release|Any CPU
		{796FD305-E622-4098-8FA8-5DFB5203C2B3}.Debug|Any CPU.ActiveCfg = Debug|Any CPU
		{796FD305-E622-4098-8FA8-5DFB5203C2B3}.Debug|Any CPU.Build.0 = Debug|Any CPU
		{796FD305-E622-4098-8FA8-5DFB5203C2B3}.Release|Any CPU.ActiveCfg = Release|Any CPU
		{796FD305-E622-4098-8FA8-5DFB5203C2B3}.Release|Any CPU.Build.0 = Release|Any CPU
		{03116D24-4E3D-4314-8946-176E88EA7663}.Debug|Any CPU.ActiveCfg = Debug|Any CPU
		{03116D24-4E3D-4314-8946-176E88EA7663}.Debug|Any CPU.Build.0 = Debug|Any CPU
		{03116D24-4E3D-4314-8946-176E88EA7663}.Release|Any CPU.ActiveCfg = Release|Any CPU
		{03116D24-4E3D-4314-8946-176E88EA7663}.Release|Any CPU.Build.0 = Release|Any CPU
		{4A6BD2B9-4D6E-4606-BC06-32420AC4F4A3}.Debug|Any CPU.ActiveCfg = Debug|Any CPU
		{4A6BD2B9-4D6E-4606-BC06-32420AC4F4A3}.Debug|Any CPU.Build.0 = Debug|Any CPU
		{4A6BD2B9-4D6E-4606-BC06-32420AC4F4A3}.Release|Any CPU.ActiveCfg = Release|Any CPU
		{4A6BD2B9-4D6E-4606-BC06-32420AC4F4A3}.Release|Any CPU.Build.0 = Release|Any CPU
		{67729326-47E8-43E0-B47C-556FB3F775C8}.Debug|Any CPU.ActiveCfg = Debug|Any CPU
		{67729326-47E8-43E0-B47C-556FB3F775C8}.Debug|Any CPU.Build.0 = Debug|Any CPU
		{67729326-47E8-43E0-B47C-556FB3F775C8}.Release|Any CPU.ActiveCfg = Release|Any CPU
		{67729326-47E8-43E0-B47C-556FB3F775C8}.Release|Any CPU.Build.0 = Release|Any CPU
		{E1224CA9-2F8C-42E1-9D71-E19FF0DE2DEC}.Debug|Any CPU.ActiveCfg = Debug|Any CPU
		{E1224CA9-2F8C-42E1-9D71-E19FF0DE2DEC}.Debug|Any CPU.Build.0 = Debug|Any CPU
		{E1224CA9-2F8C-42E1-9D71-E19FF0DE2DEC}.Release|Any CPU.ActiveCfg = Release|Any CPU
		{E1224CA9-2F8C-42E1-9D71-E19FF0DE2DEC}.Release|Any CPU.Build.0 = Release|Any CPU
		{4176C008-1F85-4248-B9B8-3D8B44D85F25}.Debug|Any CPU.ActiveCfg = Debug|Any CPU
		{4176C008-1F85-4248-B9B8-3D8B44D85F25}.Debug|Any CPU.Build.0 = Debug|Any CPU
		{4176C008-1F85-4248-B9B8-3D8B44D85F25}.Release|Any CPU.ActiveCfg = Release|Any CPU
		{4176C008-1F85-4248-B9B8-3D8B44D85F25}.Release|Any CPU.Build.0 = Release|Any CPU
		{B0FD9C6F-0B31-41B6-AB92-B083AD98652C}.Debug|Any CPU.ActiveCfg = Debug|Any CPU
		{B0FD9C6F-0B31-41B6-AB92-B083AD98652C}.Debug|Any CPU.Build.0 = Debug|Any CPU
		{B0FD9C6F-0B31-41B6-AB92-B083AD98652C}.Release|Any CPU.ActiveCfg = Release|Any CPU
		{B0FD9C6F-0B31-41B6-AB92-B083AD98652C}.Release|Any CPU.Build.0 = Release|Any CPU
		{4BA3B86F-F9D5-4E38-8609-25F12D5CD744}.Debug|Any CPU.ActiveCfg = Debug|Any CPU
		{4BA3B86F-F9D5-4E38-8609-25F12D5CD744}.Debug|Any CPU.Build.0 = Debug|Any CPU
		{4BA3B86F-F9D5-4E38-8609-25F12D5CD744}.Release|Any CPU.ActiveCfg = Release|Any CPU
		{4BA3B86F-F9D5-4E38-8609-25F12D5CD744}.Release|Any CPU.Build.0 = Release|Any CPU
		{DE3F9B9C-2DF5-4EB8-9CA6-F325C756A972}.Debug|Any CPU.ActiveCfg = Debug|Any CPU
		{DE3F9B9C-2DF5-4EB8-9CA6-F325C756A972}.Debug|Any CPU.Build.0 = Debug|Any CPU
		{DE3F9B9C-2DF5-4EB8-9CA6-F325C756A972}.Release|Any CPU.ActiveCfg = Release|Any CPU
		{DE3F9B9C-2DF5-4EB8-9CA6-F325C756A972}.Release|Any CPU.Build.0 = Release|Any CPU
		{9247AAED-D0B0-4053-810A-318838692851}.Debug|Any CPU.ActiveCfg = Debug|Any CPU
		{9247AAED-D0B0-4053-810A-318838692851}.Debug|Any CPU.Build.0 = Debug|Any CPU
		{9247AAED-D0B0-4053-810A-318838692851}.Release|Any CPU.ActiveCfg = Release|Any CPU
		{9247AAED-D0B0-4053-810A-318838692851}.Release|Any CPU.Build.0 = Release|Any CPU
		{E473BFC9-5D40-4B70-9C94-AB8D9F67AFB6}.Debug|Any CPU.ActiveCfg = Debug|Any CPU
		{E473BFC9-5D40-4B70-9C94-AB8D9F67AFB6}.Debug|Any CPU.Build.0 = Debug|Any CPU
		{E473BFC9-5D40-4B70-9C94-AB8D9F67AFB6}.Release|Any CPU.ActiveCfg = Release|Any CPU
		{E473BFC9-5D40-4B70-9C94-AB8D9F67AFB6}.Release|Any CPU.Build.0 = Release|Any CPU
	EndGlobalSection
	GlobalSection(NestedProjects) = preSolution
		{7E57404F-5D1F-46D9-941C-B1090DDBA567} = {E6A96FF6-3509-4DB0-8B55-7BEC3D3E286D}
		{563A1D11-BA61-4E63-9606-AD6F1F62CCE1} = {998FA92C-5039-4E21-8D9D-9B53CFFEB7A0}
		{FA3F8F47-7043-45BF-8C24-A94ED3B1E15B} = {E6A96FF6-3509-4DB0-8B55-7BEC3D3E286D}
		{71112202-D216-4C32-A1A6-B0609BFC2461} = {998FA92C-5039-4E21-8D9D-9B53CFFEB7A0}
		{4CAC4297-896F-4F72-A597-94A1DA77CF92} = {998FA92C-5039-4E21-8D9D-9B53CFFEB7A0}
		{516CD9CD-D5E6-4EEC-BCB8-5F8AE971EBAE} = {E6A96FF6-3509-4DB0-8B55-7BEC3D3E286D}
		{16F4A919-C0B6-48CE-ADCC-E057433851C4} = {998FA92C-5039-4E21-8D9D-9B53CFFEB7A0}
		{8A247DFD-1398-475A-9B44-CE0F567F48CD} = {E6A96FF6-3509-4DB0-8B55-7BEC3D3E286D}
		{796FD305-E622-4098-8FA8-5DFB5203C2B3} = {998FA92C-5039-4E21-8D9D-9B53CFFEB7A0}
		{03116D24-4E3D-4314-8946-176E88EA7663} = {E6A96FF6-3509-4DB0-8B55-7BEC3D3E286D}
		{4A6BD2B9-4D6E-4606-BC06-32420AC4F4A3} = {998FA92C-5039-4E21-8D9D-9B53CFFEB7A0}
		{67729326-47E8-43E0-B47C-556FB3F775C8} = {7B2C0DC3-45F1-4E2A-9B4F-0991931BEF3D}
		{E1224CA9-2F8C-42E1-9D71-E19FF0DE2DEC} = {E6A96FF6-3509-4DB0-8B55-7BEC3D3E286D}
		{4176C008-1F85-4248-B9B8-3D8B44D85F25} = {998FA92C-5039-4E21-8D9D-9B53CFFEB7A0}
		{B0FD9C6F-0B31-41B6-AB92-B083AD98652C} = {E6A96FF6-3509-4DB0-8B55-7BEC3D3E286D}
		{4BA3B86F-F9D5-4E38-8609-25F12D5CD744} = {998FA92C-5039-4E21-8D9D-9B53CFFEB7A0}
		{DE3F9B9C-2DF5-4EB8-9CA6-F325C756A972} = {E6A96FF6-3509-4DB0-8B55-7BEC3D3E286D}
		{9247AAED-D0B0-4053-810A-318838692851} = {E6A96FF6-3509-4DB0-8B55-7BEC3D3E286D}
		{E473BFC9-5D40-4B70-9C94-AB8D9F67AFB6} = {E6A96FF6-3509-4DB0-8B55-7BEC3D3E286D}
	EndGlobalSection
EndGlobal
